
Microsoft Visual Studio Solution File, Format Version 12.00
# Visual Studio Version 17
VisualStudioVersion = 17.0.31903.59
MinimumVisualStudioVersion = 10.0.40219.1
Project("{2150E333-8FDC-42A3-9474-1A3956D46DE8}") = "Application", "Application", "{C4CF7B36-52B7-4D9D-ADE7-BFAE14B02AEC}"
EndProject
Project("{9A19103F-16F7-4668-BE54-9A1E7A4F7556}") = "Application", "Application\Application.csproj", "{7C3E0226-FBF3-463E-AEDC-097D67FF90E9}"
EndProject
Project("{2150E333-8FDC-42A3-9474-1A3956D46DE8}") = "Core", "Core", "{91F976E5-67AF-4F3D-B0FB-FE576422E3FA}"
EndProject
Project("{9A19103F-16F7-4668-BE54-9A1E7A4F7556}") = "Core", "Core\Core.csproj", "{A92D9C15-7B92-4C69-B2B5-5F16E4A94E28}"
EndProject
Project("{2150E333-8FDC-42A3-9474-1A3956D46DE8}") = "StepsPlugins", "StepsPlugins", "{BDE267C6-D126-4EF5-96D1-B1A74C33D9AE}"
EndProject
Project("{2150E333-8FDC-42A3-9474-1A3956D46DE8}") = "DotnetPlugin", "DotnetPlugin", "{25B8425F-D6FE-4052-97DB-AF52F6F8B127}"
EndProject
Project("{2150E333-8FDC-42A3-9474-1A3956D46DE8}") = "GitlabPlugin", "GitlabPlugin", "{842110B4-6E3C-4F29-9DD5-ED8B98E06E65}"
EndProject
Project("{2150E333-8FDC-42A3-9474-1A3956D46DE8}") = "GithubPlugin", "GithubPlugin", "{0A5294A3-0E3A-4049-AA79-AC0EFB9E2EC7}"
EndProject
Project("{9A19103F-16F7-4668-BE54-9A1E7A4F7556}") = "DotnetTestPlugin", "StepsPlugins\DotnetPlugin\DotnetTestPlugin.csproj", "{69D4D9BB-E525-492D-8743-3CEE96EF98F4}"
EndProject
Project("{9A19103F-16F7-4668-BE54-9A1E7A4F7556}") = "GitlabPlugin", "StepsPlugins\GitlabPlugin\GitlabPlugin.csproj", "{85980085-8E70-49B9-9CE7-AD8AB1DA3BDD}"
EndProject
Project("{9A19103F-16F7-4668-BE54-9A1E7A4F7556}") = "GithubPlugin", "StepsPlugins\GithubPlugin\GithubPlugin.csproj", "{2A7E7EAE-A546-4081-9C6D-DF5773A9B89B}"
EndProject
Project("{2150E333-8FDC-42A3-9474-1A3956D46DE8}") = "NotificationPlugins", "NotificationPlugins", "{F4F23226-A3E9-49E4-B880-CCAC95F5E7B8}"
EndProject
Project("{2150E333-8FDC-42A3-9474-1A3956D46DE8}") = "EmailPlugin", "EmailPlugin", "{2ED9A446-CB38-4361-900E-1669D09EF97E}"
EndProject
Project("{2150E333-8FDC-42A3-9474-1A3956D46DE8}") = "SMSPlugin", "SMSPlugin", "{8F567E97-3250-43FF-8973-914DFB86CAE2}"
EndProject
Project("{9A19103F-16F7-4668-BE54-9A1E7A4F7556}") = "EmailPlugin", "NoticationPlugins\EmailPlugin\EmailPlugin.csproj", "{7D2043A7-A3B5-48CB-8896-4059CCBE9F83}"
EndProject
Project("{9A19103F-16F7-4668-BE54-9A1E7A4F7556}") = "SMSPlugin", "NoticationPlugins\SMSPlugin\SMSPlugin.csproj", "{17DD9AC3-285E-4D79-8666-CAE7B9186C22}"
EndProject
Global
	GlobalSection(SolutionConfigurationPlatforms) = preSolution
		Debug|Any CPU = Debug|Any CPU
		Release|Any CPU = Release|Any CPU
	EndGlobalSection
	GlobalSection(ProjectConfigurationPlatforms) = postSolution
		{7C3E0226-FBF3-463E-AEDC-097D67FF90E9}.Debug|Any CPU.ActiveCfg = Debug|Any CPU
		{7C3E0226-FBF3-463E-AEDC-097D67FF90E9}.Debug|Any CPU.Build.0 = Debug|Any CPU
		{7C3E0226-FBF3-463E-AEDC-097D67FF90E9}.Release|Any CPU.ActiveCfg = Release|Any CPU
		{7C3E0226-FBF3-463E-AEDC-097D67FF90E9}.Release|Any CPU.Build.0 = Release|Any CPU
		{A92D9C15-7B92-4C69-B2B5-5F16E4A94E28}.Debug|Any CPU.ActiveCfg = Debug|Any CPU
		{A92D9C15-7B92-4C69-B2B5-5F16E4A94E28}.Debug|Any CPU.Build.0 = Debug|Any CPU
		{A92D9C15-7B92-4C69-B2B5-5F16E4A94E28}.Release|Any CPU.ActiveCfg = Release|Any CPU
		{A92D9C15-7B92-4C69-B2B5-5F16E4A94E28}.Release|Any CPU.Build.0 = Release|Any CPU
		{69D4D9BB-E525-492D-8743-3CEE96EF98F4}.Debug|Any CPU.ActiveCfg = Debug|Any CPU
		{69D4D9BB-E525-492D-8743-3CEE96EF98F4}.Debug|Any CPU.Build.0 = Debug|Any CPU
		{69D4D9BB-E525-492D-8743-3CEE96EF98F4}.Release|Any CPU.ActiveCfg = Release|Any CPU
		{69D4D9BB-E525-492D-8743-3CEE96EF98F4}.Release|Any CPU.Build.0 = Release|Any CPU
		{85980085-8E70-49B9-9CE7-AD8AB1DA3BDD}.Debug|Any CPU.ActiveCfg = Debug|Any CPU
		{85980085-8E70-49B9-9CE7-AD8AB1DA3BDD}.Debug|Any CPU.Build.0 = Debug|Any CPU
		{85980085-8E70-49B9-9CE7-AD8AB1DA3BDD}.Release|Any CPU.ActiveCfg = Release|Any CPU
		{85980085-8E70-49B9-9CE7-AD8AB1DA3BDD}.Release|Any CPU.Build.0 = Release|Any CPU
		{2A7E7EAE-A546-4081-9C6D-DF5773A9B89B}.Debug|Any CPU.ActiveCfg = Debug|Any CPU
		{2A7E7EAE-A546-4081-9C6D-DF5773A9B89B}.Debug|Any CPU.Build.0 = Debug|Any CPU
		{2A7E7EAE-A546-4081-9C6D-DF5773A9B89B}.Release|Any CPU.ActiveCfg = Release|Any CPU
		{2A7E7EAE-A546-4081-9C6D-DF5773A9B89B}.Release|Any CPU.Build.0 = Release|Any CPU
		{7D2043A7-A3B5-48CB-8896-4059CCBE9F83}.Debug|Any CPU.ActiveCfg = Debug|Any CPU
		{7D2043A7-A3B5-48CB-8896-4059CCBE9F83}.Debug|Any CPU.Build.0 = Debug|Any CPU
		{7D2043A7-A3B5-48CB-8896-4059CCBE9F83}.Release|Any CPU.ActiveCfg = Release|Any CPU
		{7D2043A7-A3B5-48CB-8896-4059CCBE9F83}.Release|Any CPU.Build.0 = Release|Any CPU
		{17DD9AC3-285E-4D79-8666-CAE7B9186C22}.Debug|Any CPU.ActiveCfg = Debug|Any CPU
		{17DD9AC3-285E-4D79-8666-CAE7B9186C22}.Debug|Any CPU.Build.0 = Debug|Any CPU
		{17DD9AC3-285E-4D79-8666-CAE7B9186C22}.Release|Any CPU.ActiveCfg = Release|Any CPU
		{17DD9AC3-285E-4D79-8666-CAE7B9186C22}.Release|Any CPU.Build.0 = Release|Any CPU
	EndGlobalSection
	GlobalSection(SolutionProperties) = preSolution
		HideSolutionNode = FALSE
	EndGlobalSection
	GlobalSection(NestedProjects) = preSolution
		{7C3E0226-FBF3-463E-AEDC-097D67FF90E9} = {C4CF7B36-52B7-4D9D-ADE7-BFAE14B02AEC}
		{A92D9C15-7B92-4C69-B2B5-5F16E4A94E28} = {91F976E5-67AF-4F3D-B0FB-FE576422E3FA}
		{25B8425F-D6FE-4052-97DB-AF52F6F8B127} = {BDE267C6-D126-4EF5-96D1-B1A74C33D9AE}
		{842110B4-6E3C-4F29-9DD5-ED8B98E06E65} = {BDE267C6-D126-4EF5-96D1-B1A74C33D9AE}
		{0A5294A3-0E3A-4049-AA79-AC0EFB9E2EC7} = {BDE267C6-D126-4EF5-96D1-B1A74C33D9AE}
		{69D4D9BB-E525-492D-8743-3CEE96EF98F4} = {25B8425F-D6FE-4052-97DB-AF52F6F8B127}
		{85980085-8E70-49B9-9CE7-AD8AB1DA3BDD} = {842110B4-6E3C-4F29-9DD5-ED8B98E06E65}
		{2A7E7EAE-A546-4081-9C6D-DF5773A9B89B} = {0A5294A3-0E3A-4049-AA79-AC0EFB9E2EC7}
		{2ED9A446-CB38-4361-900E-1669D09EF97E} = {F4F23226-A3E9-49E4-B880-CCAC95F5E7B8}
		{8F567E97-3250-43FF-8973-914DFB86CAE2} = {F4F23226-A3E9-49E4-B880-CCAC95F5E7B8}
		{7D2043A7-A3B5-48CB-8896-4059CCBE9F83} = {2ED9A446-CB38-4361-900E-1669D09EF97E}
		{17DD9AC3-285E-4D79-8666-CAE7B9186C22} = {8F567E97-3250-43FF-8973-914DFB86CAE2}
	EndGlobalSection
	GlobalSection(ExtensibilityGlobals) = postSolution
		SolutionGuid = {F252F83C-5162-446E-BF31-17AACC656B4B}
	EndGlobalSection
EndGlobal
